
Microsoft Visual Studio Solution File, Format Version 12.00
# Visual Studio Version 16
VisualStudioVersion = 16.0.30907.101
MinimumVisualStudioVersion = 10.0.40219.1
Project("{FAE04EC0-301F-11D3-BF4B-00C04F79EFBC}") = "301065374(Sloan)_Lab01", "301065374(Sloan)_Lab01\301065374(Sloan)_Lab01.csproj", "{47422F12-2E50-4802-AC97-4870E607A5CB}"
EndProject
Project("{FAE04EC0-301F-11D3-BF4B-00C04F79EFBC}") = "301065374(Sloan)_Lab02", "301065374(Sloan)_Lab02\301065374(Sloan)_Lab02.csproj", "{2CC36B83-0D6A-4863-9CA2-AF4DD3387900}"
EndProject
Global
	GlobalSection(SolutionConfigurationPlatforms) = preSolution
		Debug|Any CPU = Debug|Any CPU
		Release|Any CPU = Release|Any CPU
	EndGlobalSection
	GlobalSection(ProjectConfigurationPlatforms) = postSolution
		{47422F12-2E50-4802-AC97-4870E607A5CB}.Debug|Any CPU.ActiveCfg = Debug|Any CPU
		{47422F12-2E50-4802-AC97-4870E607A5CB}.Debug|Any CPU.Build.0 = Debug|Any CPU
		{47422F12-2E50-4802-AC97-4870E607A5CB}.Release|Any CPU.ActiveCfg = Release|Any CPU
		{47422F12-2E50-4802-AC97-4870E607A5CB}.Release|Any CPU.Build.0 = Release|Any CPU
		{2CC36B83-0D6A-4863-9CA2-AF4DD3387900}.Debug|Any CPU.ActiveCfg = Debug|Any CPU
		{2CC36B83-0D6A-4863-9CA2-AF4DD3387900}.Debug|Any CPU.Build.0 = Debug|Any CPU
		{2CC36B83-0D6A-4863-9CA2-AF4DD3387900}.Release|Any CPU.ActiveCfg = Release|Any CPU
		{2CC36B83-0D6A-4863-9CA2-AF4DD3387900}.Release|Any CPU.Build.0 = Release|Any CPU
	EndGlobalSection
	GlobalSection(SolutionProperties) = preSolution
		HideSolutionNode = FALSE
	EndGlobalSection
	GlobalSection(ExtensibilityGlobals) = postSolution
		SolutionGuid = {522A7B85-91A7-4642-AB83-FDF8A13B5E0E}
	EndGlobalSection
EndGlobal
